
Microsoft Visual Studio Solution File, Format Version 12.00
# Visual Studio Version 17
VisualStudioVersion = 17.8.34330.188
MinimumVisualStudioVersion = 10.0.40219.1
Project("{FAE04EC0-301F-11D3-BF4B-00C04F79EFBC}") = "MiniProject", "MiniProject\MiniProject.csproj", "{04B0A9C7-80D8-4048-8BA2-74D83393FEBF}"
EndProject
Global
	GlobalSection(SolutionConfigurationPlatforms) = preSolution
		Debug|Any CPU = Debug|Any CPU
		Release|Any CPU = Release|Any CPU
	EndGlobalSection
	GlobalSection(ProjectConfigurationPlatforms) = postSolution
		{04B0A9C7-80D8-4048-8BA2-74D83393FEBF}.Debug|Any CPU.ActiveCfg = Debug|Any CPU
		{04B0A9C7-80D8-4048-8BA2-74D83393FEBF}.Debug|Any CPU.Build.0 = Debug|Any CPU
		{04B0A9C7-80D8-4048-8BA2-74D83393FEBF}.Release|Any CPU.ActiveCfg = Release|Any CPU
		{04B0A9C7-80D8-4048-8BA2-74D83393FEBF}.Release|Any CPU.Build.0 = Release|Any CPU
	EndGlobalSection
	GlobalSection(SolutionProperties) = preSolution
		HideSolutionNode = FALSE
	EndGlobalSection
	GlobalSection(ExtensibilityGlobals) = postSolution
		SolutionGuid = {617DDFD6-1DD3-4B08-913F-CE12087E58C2}
	EndGlobalSection
EndGlobal
